
Microsoft Visual Studio Solution File, Format Version 12.00
# Visual Studio Version 16
VisualStudioVersion = 16.0.31515.178
MinimumVisualStudioVersion = 10.0.40219.1
Project("{FAE04EC0-301F-11D3-BF4B-00C04F79EFBC}") = "TSDBComparison", "TSDBComparison\TSDBComparison.csproj", "{1F8EF6EC-3D92-47E3-869D-E32ECFAE56A1}"
EndProject
Global
	GlobalSection(SolutionConfigurationPlatforms) = preSolution
		Debug|Any CPU = Debug|Any CPU
		Release|Any CPU = Release|Any CPU
	EndGlobalSection
	GlobalSection(ProjectConfigurationPlatforms) = postSolution
		{1F8EF6EC-3D92-47E3-869D-E32ECFAE56A1}.Debug|Any CPU.ActiveCfg = Debug|Any CPU
		{1F8EF6EC-3D92-47E3-869D-E32ECFAE56A1}.Debug|Any CPU.Build.0 = Debug|Any CPU
		{1F8EF6EC-3D92-47E3-869D-E32ECFAE56A1}.Release|Any CPU.ActiveCfg = Release|Any CPU
		{1F8EF6EC-3D92-47E3-869D-E32ECFAE56A1}.Release|Any CPU.Build.0 = Release|Any CPU
	EndGlobalSection
	GlobalSection(SolutionProperties) = preSolution
		HideSolutionNode = FALSE
	EndGlobalSection
	GlobalSection(ExtensibilityGlobals) = postSolution
		SolutionGuid = {A82A2B9D-DBCC-432D-8795-497442F41E0B}
	EndGlobalSection
EndGlobal
